<?xml version="1.0" encoding="utf-8"?>
<Project ToolsVersion="4.0" xmlns="http://schemas.microsoft.com/developer/msbuild/2003">
  <ItemGroup>
    <Filter Include="Kernel-Bridge">
      <UniqueIdentifier>{d2cd759a-38fe-4be9-bec0-0e2075df9bd8}</UniqueIdentifier>
    </Filter>
    <Filter Include="Project Files">
      <UniqueIdentifier>{9266b4d7-45c2-48d2-b872-84fc74e554c0}</UniqueIdentifier>
    </Filter>
    <Filter Include="Project Files\Source Files">
      <UniqueIdentifier>{4FC737F1-C7A5-4376-A066-2A32D752A2FF}</UniqueIdentifier>
      <Extensions>cpp;c;cc;cxx;def;odl;idl;hpj;bat;asm;asmx</Extensions>
    </Filter>
    <Filter Include="Project Files\Resource Files">
      <UniqueIdentifier>{67DA6AB6-F800-4c08-8B7A-83BB121AAD01}</UniqueIdentifier>
      <Extensions>rc;ico;cur;bmp;dlg;rc2;rct;bin;rgs;gif;jpg;jpeg;jpe;resx;tiff;tif;png;wav;mfcribbon-ms</Extensions>
    </Filter>
    <Filter Include="Project Files\Header Files">
      <UniqueIdentifier>{93995380-89BD-4b04-88EB-625FBE52EBFB}</UniqueIdentifier>
      <Extensions>h;hpp;hxx;hm;inl;inc;xsd</Extensions>
    </Filter>
    <Filter Include="Project Files\Driver Files">
      <UniqueIdentifier>{8E41214B-6785-4CFE-B992-037D68949A14}</UniqueIdentifier>
      <Extensions>inf;inv;inx;mof;mc;</Extensions>
    </Filter>
    <Filter Include="SharedTypes">
      <UniqueIdentifier>{7bb504f3-91d7-40ab-bd26-21821b7ebc34}</UniqueIdentifier>
    </Filter>
    <Filter Include="API">
      <UniqueIdentifier>{e0973de4-630d-4aa2-b197-aa0c40dad6df}</UniqueIdentifier>
    </Filter>
  </ItemGroup>
  <ItemGroup>
    <Inf Include="NM_Sys.inf">
      <Filter>Project Files\Driver Files</Filter>
    </Inf>
  </ItemGroup>
  <ItemGroup>
    <ClInclude Include="..\..\Common\SharedTypes\CtlTypes.h">
      <Filter>SharedTypes</Filter>
    </ClInclude>
    <ClInclude Include="..\..\Common\SharedTypes\FltTypes.h">
      <Filter>SharedTypes</Filter>
    </ClInclude>
    <ClInclude Include="..\..\Common\SharedTypes\WdkTypes.h">
      <Filter>SharedTypes</Filter>
    </ClInclude>
    <ClInclude Include="API\CommPort.h">
      <Filter>API</Filter>
    </ClInclude>
    <ClInclude Include="API\CppSupport.h">
      <Filter>API</Filter>
    </ClInclude>
    <ClInclude Include="API\CPU.h">
      <Filter>API</Filter>
    </ClInclude>
    <ClInclude Include="API\FilesAPI.h">
      <Filter>API</Filter>
    </ClInclude>
    <ClInclude Include="API\Importer.h">
      <Filter>API</Filter>
    </ClInclude>
    <ClInclude Include="API\IO.h">
      <Filter>API</Filter>
    </ClInclude>
    <ClInclude Include="API\KernelShells.h">
      <Filter>API</Filter>
    </ClInclude>
    <ClInclude Include="API\LinkedList.h">
      <Filter>API</Filter>
    </ClInclude>
    <ClInclude Include="API\Locks.h">
      <Filter>API</Filter>
    </ClInclude>
    <ClInclude Include="API\MemoryUtils.h">
      <Filter>API</Filter>
    </ClInclude>
    <ClInclude Include="API\ObCallbacks.h">
      <Filter>API</Filter>
    </ClInclude>
    <ClInclude Include="API\OSVersion.h">
      <Filter>API</Filter>
    </ClInclude>
    <ClInclude Include="API\ProcessesUtils.h">
      <Filter>API</Filter>
    </ClInclude>
    <ClInclude Include="API\PsCallbacks.h">
      <Filter>API</Filter>
    </ClInclude>
    <ClInclude Include="API\RAII.h">
      <Filter>API</Filter>
    </ClInclude>
    <ClInclude Include="API\StringsAPI.h">
      <Filter>API</Filter>
    </ClInclude>
    <ClInclude Include="Kernel-Bridge\DriverEvents.h">
      <Filter>Kernel-Bridge</Filter>
    </ClInclude>
    <ClInclude Include="Kernel-Bridge\FilterCallbacks.h">
      <Filter>Kernel-Bridge</Filter>
    </ClInclude>
    <ClInclude Include="Kernel-Bridge\IOCTLHandlers.h">
      <Filter>Kernel-Bridge</Filter>
    </ClInclude>
    <ClInclude Include="Kernel-Bridge\IOCTLs.h">
      <Filter>Kernel-Bridge</Filter>
    </ClInclude>
  </ItemGroup>
  <ItemGroup>
    <ClCompile Include="API\CommPort.cpp">
      <Filter>API</Filter>
    </ClCompile>
    <ClCompile Include="API\CppSupport.cpp">
      <Filter>API</Filter>
    </ClCompile>
    <ClCompile Include="API\CPU.cpp">
      <Filter>API</Filter>
    </ClCompile>
    <ClCompile Include="API\FilesAPI.cpp">
      <Filter>API</Filter>
    </ClCompile>
    <ClCompile Include="API\Importer.cpp">
      <Filter>API</Filter>
    </ClCompile>
    <ClCompile Include="API\IO.cpp">
      <Filter>API</Filter>
    </ClCompile>
    <ClCompile Include="API\KernelShells.cpp">
      <Filter>API</Filter>
    </ClCompile>
    <ClCompile Include="API\MemoryUtils.cpp">
      <Filter>API</Filter>
    </ClCompile>
    <ClCompile Include="API\ObCallbacks.cpp">
      <Filter>API</Filter>
    </ClCompile>
    <ClCompile Include="API\OSVersion.cpp">
      <Filter>API</Filter>
    </ClCompile>
    <ClCompile Include="API\ProcessesUtils.cpp">
      <Filter>API</Filter>
    </ClCompile>
    <ClCompile Include="API\PsCallbacks.cpp">
      <Filter>API</Filter>
    </ClCompile>
    <ClCompile Include="Kernel-Bridge\DriverEvents.cpp">
      <Filter>Kernel-Bridge</Filter>
    </ClCompile>
    <ClCompile Include="Kernel-Bridge\FilterCallbacks.cpp">
      <Filter>Kernel-Bridge</Filter>
    </ClCompile>
    <ClCompile Include="Kernel-Bridge\IOCTLHandlers.cpp">
      <Filter>Kernel-Bridge</Filter>
    </ClCompile>
    <ClCompile Include="main.cpp">
      <Filter>Project Files\Source Files</Filter>
    </ClCompile>
  </ItemGroup>
</Project>