
Microsoft Visual Studio Solution File, Format Version 12.00
# Visual Studio 15
VisualStudioVersion = 15.0.28010.2026
MinimumVisualStudioVersion = 10.0.40219.1
Project("{2150E333-8FDC-42A3-9474-1A3956D46DE8}") = "Client", "Client", "{F6353639-C49D-482A-A94D-044554F3DCED}"
EndProject
Project("{2150E333-8FDC-42A3-9474-1A3956D46DE8}") = "Server", "Server", "{435E3E75-3528-4881-8510-A13C1E98E51C}"
EndProject
Project("{2150E333-8FDC-42A3-9474-1A3956D46DE8}") = "Private", "Private", "{DA5F6970-C434-491E-BA24-93A39BC99B4F}"
EndProject
Project("{2150E333-8FDC-42A3-9474-1A3956D46DE8}") = "Shared", "Shared", "{8E38F3A6-E0C3-4C8D-A5F0-30E7254B72AB}"
EndProject
Project("{2150E333-8FDC-42A3-9474-1A3956D46DE8}") = "Private", "Private", "{92461D61-50DC-44FD-B87E-2836A8A78123}"
EndProject
Project("{2150E333-8FDC-42A3-9474-1A3956D46DE8}") = "Shared", "Shared", "{67093A71-81E0-4FE6-A62D-EB2B49DB29C7}"
EndProject
Project("{8BC9CEB8-8B4A-11D0-8D11-00A0C91BC942}") = "NM_Engine", "Client\NM_Engine\NM_Engine.vcxproj", "{1BF1AC3D-B40B-430A-94C9-91CE557B138B}"
EndProject
Project("{8BC9CEB8-8B4A-11D0-8D11-00A0C91BC942}") = "NM_Test", "Client\NM_Test\NM_Test.vcxproj", "{090F7D00-B101-4F58-A6D7-8DC874B08CF1}"
	ProjectSection(ProjectDependencies) = postProject
		{1BF1AC3D-B40B-430A-94C9-91CE557B138B} = {1BF1AC3D-B40B-430A-94C9-91CE557B138B}
	EndProjectSection
EndProject
Project("{8BC9CEB8-8B4A-11D0-8D11-00A0C91BC942}") = "NM_TestApp", "Client\NM_TestApp\NM_TestApp.vcxproj", "{67E7A07E-8B6E-4ED6-A27B-4DC3AC2F6E32}"
	ProjectSection(ProjectDependencies) = postProject
		{5131A1A6-B0C9-432C-AA4F-662A9ED158B9} = {5131A1A6-B0C9-432C-AA4F-662A9ED158B9}
	EndProjectSection
EndProject
Project("{8BC9CEB8-8B4A-11D0-8D11-00A0C91BC942}") = "NM_ClientSDK", "Client\NM_ClientSDK\NM_ClientSDK.vcxproj", "{314B62C5-E24F-42CE-9105-F5A36B501C80}"
	ProjectSection(ProjectDependencies) = postProject
		{5131A1A6-B0C9-432C-AA4F-662A9ED158B9} = {5131A1A6-B0C9-432C-AA4F-662A9ED158B9}
	EndProjectSection
EndProject
Project("{8BC9CEB8-8B4A-11D0-8D11-00A0C91BC942}") = "NM_HelperApp", "Client\NM_HelperApp\NM_HelperApp.vcxproj", "{7158BB09-B373-4881-9186-EE2CEF49FC5B}"
	ProjectSection(ProjectDependencies) = postProject
		{5131A1A6-B0C9-432C-AA4F-662A9ED158B9} = {5131A1A6-B0C9-432C-AA4F-662A9ED158B9}
	EndProjectSection
EndProject
Project("{8BC9CEB8-8B4A-11D0-8D11-00A0C91BC942}") = "NM_Launcher", "Client\NM_Launcher\NM_Launcher.vcxproj", "{B4AC7A2C-3BC6-44B0-9831-DA8F6EA510AD}"
	ProjectSection(ProjectDependencies) = postProject
		{5131A1A6-B0C9-432C-AA4F-662A9ED158B9} = {5131A1A6-B0C9-432C-AA4F-662A9ED158B9}
	EndProjectSection
EndProject
Project("{8BC9CEB8-8B4A-11D0-8D11-00A0C91BC942}") = "NM_Module", "Client\NM_Module\NM_Module.vcxproj", "{5131A1A6-B0C9-432C-AA4F-662A9ED158B9}"
	ProjectSection(ProjectDependencies) = postProject
		{1BF1AC3D-B40B-430A-94C9-91CE557B138B} = {1BF1AC3D-B40B-430A-94C9-91CE557B138B}
	EndProjectSection
EndProject
Project("{8BC9CEB8-8B4A-11D0-8D11-00A0C91BC942}") = "NM_Service", "Client\NM_Service\NM_Service.vcxproj", "{B667EEC8-B185-43F2-9360-4084C522AEC2}"
	ProjectSection(ProjectDependencies) = postProject
		{5131A1A6-B0C9-432C-AA4F-662A9ED158B9} = {5131A1A6-B0C9-432C-AA4F-662A9ED158B9}
	EndProjectSection
EndProject
Project("{8BC9CEB8-8B4A-11D0-8D11-00A0C91BC942}") = "NM_MasterServer", "Server\NM_MasterServer\NM_MasterServer.vcxproj", "{585654AB-E8A6-4BE7-9681-8E1DA2B90164}"
	ProjectSection(ProjectDependencies) = postProject
		{5131A1A6-B0C9-432C-AA4F-662A9ED158B9} = {5131A1A6-B0C9-432C-AA4F-662A9ED158B9}
	EndProjectSection
EndProject
Project("{8BC9CEB8-8B4A-11D0-8D11-00A0C91BC942}") = "NM_Server", "Server\NM_Server\NM_Server.vcxproj", "{F0FB4E1C-7FA8-4B00-A34F-0D5A1F164E2F}"
	ProjectSection(ProjectDependencies) = postProject
		{1BF1AC3D-B40B-430A-94C9-91CE557B138B} = {1BF1AC3D-B40B-430A-94C9-91CE557B138B}
	EndProjectSection
EndProject
Project("{8BC9CEB8-8B4A-11D0-8D11-00A0C91BC942}") = "NM_ServerSDK", "Server\NM_ServerSDK\NM_ServerSDK.vcxproj", "{3D97006B-F1B5-4064-9B22-DDE19DCB9E29}"
	ProjectSection(ProjectDependencies) = postProject
		{5131A1A6-B0C9-432C-AA4F-662A9ED158B9} = {5131A1A6-B0C9-432C-AA4F-662A9ED158B9}
	EndProjectSection
EndProject
Project("{2150E333-8FDC-42A3-9474-1A3956D46DE8}") = "_Doc", "_Doc", "{F2BF12D7-F1FE-4906-8F20-96748F0AF3CC}"
	ProjectSection(SolutionItems) = preProject
		..\Doc_priv\Bakilcaklar.txt = ..\Doc_priv\Bakilcaklar.txt
		..\Doc_priv\Documentation.txt = ..\Doc_priv\Documentation.txt
		..\Doc_priv\Features.txt = ..\Doc_priv\Features.txt
		..\Doc_priv\Global_hook_todo.txt = ..\Doc_priv\Global_hook_todo.txt
		..\Doc_priv\Kernel_hook_todo.txt = ..\Doc_priv\Kernel_hook_todo.txt
		..\Doc_priv\RAT_TODO.txt = ..\Doc_priv\RAT_TODO.txt
		..\README.md = ..\README.md
		..\Doc_priv\TODO.txt = ..\Doc_priv\TODO.txt
		..\Doc_priv\workflow.txt = ..\Doc_priv\workflow.txt
	EndProjectSection
EndProject
Project("{2150E333-8FDC-42A3-9474-1A3956D46DE8}") = "Plugins", "Plugins", "{F6500933-D87A-4858-BC82-8FF0735D4163}"
EndProject
Project("{8BC9CEB8-8B4A-11D0-8D11-00A0C91BC942}") = "NMP_TestPlugin", "Client\NMP_TestPlugin\NMP_TestPlugin.vcxproj", "{F35D6DF0-FB01-404D-8CF5-54D32DEE663E}"
EndProject
Project("{8BC9CEB8-8B4A-11D0-8D11-00A0C91BC942}") = "NM_Sys", "Client\NM_Sys\NM_Sys.vcxproj", "{2E7D7B77-3E06-4E46-841A-B0AB4E4DB534}"
EndProject
Global
	GlobalSection(SolutionConfigurationPlatforms) = preSolution
		Debug|x64 = Debug|x64
		Debug|x86 = Debug|x86
		Release|x64 = Release|x64
		Release|x86 = Release|x86
	EndGlobalSection
	GlobalSection(ProjectConfigurationPlatforms) = postSolution
		{1BF1AC3D-B40B-430A-94C9-91CE557B138B}.Debug|x64.ActiveCfg = Debug|x64
		{1BF1AC3D-B40B-430A-94C9-91CE557B138B}.Debug|x64.Build.0 = Debug|x64
		{1BF1AC3D-B40B-430A-94C9-91CE557B138B}.Debug|x86.ActiveCfg = Debug|Win32
		{1BF1AC3D-B40B-430A-94C9-91CE557B138B}.Debug|x86.Build.0 = Debug|Win32
		{1BF1AC3D-B40B-430A-94C9-91CE557B138B}.Release|x64.ActiveCfg = Release|x64
		{1BF1AC3D-B40B-430A-94C9-91CE557B138B}.Release|x64.Build.0 = Release|x64
		{1BF1AC3D-B40B-430A-94C9-91CE557B138B}.Release|x86.ActiveCfg = Release|Win32
		{1BF1AC3D-B40B-430A-94C9-91CE557B138B}.Release|x86.Build.0 = Release|Win32
		{090F7D00-B101-4F58-A6D7-8DC874B08CF1}.Debug|x64.ActiveCfg = Debug|x64
		{090F7D00-B101-4F58-A6D7-8DC874B08CF1}.Debug|x64.Build.0 = Debug|x64
		{090F7D00-B101-4F58-A6D7-8DC874B08CF1}.Debug|x86.ActiveCfg = Debug|Win32
		{090F7D00-B101-4F58-A6D7-8DC874B08CF1}.Debug|x86.Build.0 = Debug|Win32
		{090F7D00-B101-4F58-A6D7-8DC874B08CF1}.Release|x64.ActiveCfg = Release|x64
		{090F7D00-B101-4F58-A6D7-8DC874B08CF1}.Release|x64.Build.0 = Release|x64
		{090F7D00-B101-4F58-A6D7-8DC874B08CF1}.Release|x86.ActiveCfg = Release|Win32
		{090F7D00-B101-4F58-A6D7-8DC874B08CF1}.Release|x86.Build.0 = Release|Win32
		{67E7A07E-8B6E-4ED6-A27B-4DC3AC2F6E32}.Debug|x64.ActiveCfg = Debug|x64
		{67E7A07E-8B6E-4ED6-A27B-4DC3AC2F6E32}.Debug|x64.Build.0 = Debug|x64
		{67E7A07E-8B6E-4ED6-A27B-4DC3AC2F6E32}.Debug|x86.ActiveCfg = Debug|Win32
		{67E7A07E-8B6E-4ED6-A27B-4DC3AC2F6E32}.Debug|x86.Build.0 = Debug|Win32
		{67E7A07E-8B6E-4ED6-A27B-4DC3AC2F6E32}.Release|x64.ActiveCfg = Release|x64
		{67E7A07E-8B6E-4ED6-A27B-4DC3AC2F6E32}.Release|x64.Build.0 = Release|x64
		{67E7A07E-8B6E-4ED6-A27B-4DC3AC2F6E32}.Release|x86.ActiveCfg = Release|Win32
		{67E7A07E-8B6E-4ED6-A27B-4DC3AC2F6E32}.Release|x86.Build.0 = Release|Win32
		{314B62C5-E24F-42CE-9105-F5A36B501C80}.Debug|x64.ActiveCfg = Debug|x64
		{314B62C5-E24F-42CE-9105-F5A36B501C80}.Debug|x64.Build.0 = Debug|x64
		{314B62C5-E24F-42CE-9105-F5A36B501C80}.Debug|x86.ActiveCfg = Debug|Win32
		{314B62C5-E24F-42CE-9105-F5A36B501C80}.Debug|x86.Build.0 = Debug|Win32
		{314B62C5-E24F-42CE-9105-F5A36B501C80}.Release|x64.ActiveCfg = Release|x64
		{314B62C5-E24F-42CE-9105-F5A36B501C80}.Release|x64.Build.0 = Release|x64
		{314B62C5-E24F-42CE-9105-F5A36B501C80}.Release|x86.ActiveCfg = Release|Win32
		{314B62C5-E24F-42CE-9105-F5A36B501C80}.Release|x86.Build.0 = Release|Win32
		{7158BB09-B373-4881-9186-EE2CEF49FC5B}.Debug|x64.ActiveCfg = Debug|x64
		{7158BB09-B373-4881-9186-EE2CEF49FC5B}.Debug|x64.Build.0 = Debug|x64
		{7158BB09-B373-4881-9186-EE2CEF49FC5B}.Debug|x86.ActiveCfg = Debug|Win32
		{7158BB09-B373-4881-9186-EE2CEF49FC5B}.Debug|x86.Build.0 = Debug|Win32
		{7158BB09-B373-4881-9186-EE2CEF49FC5B}.Release|x64.ActiveCfg = Release|x64
		{7158BB09-B373-4881-9186-EE2CEF49FC5B}.Release|x64.Build.0 = Release|x64
		{7158BB09-B373-4881-9186-EE2CEF49FC5B}.Release|x86.ActiveCfg = Release|Win32
		{7158BB09-B373-4881-9186-EE2CEF49FC5B}.Release|x86.Build.0 = Release|Win32
		{B4AC7A2C-3BC6-44B0-9831-DA8F6EA510AD}.Debug|x64.ActiveCfg = Debug|x64
		{B4AC7A2C-3BC6-44B0-9831-DA8F6EA510AD}.Debug|x64.Build.0 = Debug|x64
		{B4AC7A2C-3BC6-44B0-9831-DA8F6EA510AD}.Debug|x86.ActiveCfg = Debug|Win32
		{B4AC7A2C-3BC6-44B0-9831-DA8F6EA510AD}.Debug|x86.Build.0 = Debug|Win32
		{B4AC7A2C-3BC6-44B0-9831-DA8F6EA510AD}.Release|x64.ActiveCfg = Release|x64
		{B4AC7A2C-3BC6-44B0-9831-DA8F6EA510AD}.Release|x64.Build.0 = Release|x64
		{B4AC7A2C-3BC6-44B0-9831-DA8F6EA510AD}.Release|x86.ActiveCfg = Release|Win32
		{B4AC7A2C-3BC6-44B0-9831-DA8F6EA510AD}.Release|x86.Build.0 = Release|Win32
		{5131A1A6-B0C9-432C-AA4F-662A9ED158B9}.Debug|x64.ActiveCfg = Debug|x64
		{5131A1A6-B0C9-432C-AA4F-662A9ED158B9}.Debug|x64.Build.0 = Debug|x64
		{5131A1A6-B0C9-432C-AA4F-662A9ED158B9}.Debug|x86.ActiveCfg = Debug|Win32
		{5131A1A6-B0C9-432C-AA4F-662A9ED158B9}.Debug|x86.Build.0 = Debug|Win32
		{5131A1A6-B0C9-432C-AA4F-662A9ED158B9}.Release|x64.ActiveCfg = Release|x64
		{5131A1A6-B0C9-432C-AA4F-662A9ED158B9}.Release|x64.Build.0 = Release|x64
		{5131A1A6-B0C9-432C-AA4F-662A9ED158B9}.Release|x86.ActiveCfg = Release|Win32
		{5131A1A6-B0C9-432C-AA4F-662A9ED158B9}.Release|x86.Build.0 = Release|Win32
		{B667EEC8-B185-43F2-9360-4084C522AEC2}.Debug|x64.ActiveCfg = Debug|x64
		{B667EEC8-B185-43F2-9360-4084C522AEC2}.Debug|x64.Build.0 = Debug|x64
		{B667EEC8-B185-43F2-9360-4084C522AEC2}.Debug|x86.ActiveCfg = Debug|Win32
		{B667EEC8-B185-43F2-9360-4084C522AEC2}.Debug|x86.Build.0 = Debug|Win32
		{B667EEC8-B185-43F2-9360-4084C522AEC2}.Release|x64.ActiveCfg = Release|x64
		{B667EEC8-B185-43F2-9360-4084C522AEC2}.Release|x64.Build.0 = Release|x64
		{B667EEC8-B185-43F2-9360-4084C522AEC2}.Release|x86.ActiveCfg = Release|Win32
		{B667EEC8-B185-43F2-9360-4084C522AEC2}.Release|x86.Build.0 = Release|Win32
		{585654AB-E8A6-4BE7-9681-8E1DA2B90164}.Debug|x64.ActiveCfg = Debug|x64
		{585654AB-E8A6-4BE7-9681-8E1DA2B90164}.Debug|x64.Build.0 = Debug|x64
		{585654AB-E8A6-4BE7-9681-8E1DA2B90164}.Debug|x86.ActiveCfg = Debug|Win32
		{585654AB-E8A6-4BE7-9681-8E1DA2B90164}.Debug|x86.Build.0 = Debug|Win32
		{585654AB-E8A6-4BE7-9681-8E1DA2B90164}.Release|x64.ActiveCfg = Release|x64
		{585654AB-E8A6-4BE7-9681-8E1DA2B90164}.Release|x64.Build.0 = Release|x64
		{585654AB-E8A6-4BE7-9681-8E1DA2B90164}.Release|x86.ActiveCfg = Release|Win32
		{585654AB-E8A6-4BE7-9681-8E1DA2B90164}.Release|x86.Build.0 = Release|Win32
		{F0FB4E1C-7FA8-4B00-A34F-0D5A1F164E2F}.Debug|x64.ActiveCfg = Debug|x64
		{F0FB4E1C-7FA8-4B00-A34F-0D5A1F164E2F}.Debug|x64.Build.0 = Debug|x64
		{F0FB4E1C-7FA8-4B00-A34F-0D5A1F164E2F}.Debug|x86.ActiveCfg = Debug|Win32
		{F0FB4E1C-7FA8-4B00-A34F-0D5A1F164E2F}.Debug|x86.Build.0 = Debug|Win32
		{F0FB4E1C-7FA8-4B00-A34F-0D5A1F164E2F}.Release|x64.ActiveCfg = Release|x64
		{F0FB4E1C-7FA8-4B00-A34F-0D5A1F164E2F}.Release|x64.Build.0 = Release|x64
		{F0FB4E1C-7FA8-4B00-A34F-0D5A1F164E2F}.Release|x86.ActiveCfg = Release|Win32
		{F0FB4E1C-7FA8-4B00-A34F-0D5A1F164E2F}.Release|x86.Build.0 = Release|Win32
		{3D97006B-F1B5-4064-9B22-DDE19DCB9E29}.Debug|x64.ActiveCfg = Debug|x64
		{3D97006B-F1B5-4064-9B22-DDE19DCB9E29}.Debug|x64.Build.0 = Debug|x64
		{3D97006B-F1B5-4064-9B22-DDE19DCB9E29}.Debug|x86.ActiveCfg = Debug|Win32
		{3D97006B-F1B5-4064-9B22-DDE19DCB9E29}.Debug|x86.Build.0 = Debug|Win32
		{3D97006B-F1B5-4064-9B22-DDE19DCB9E29}.Release|x64.ActiveCfg = Release|x64
		{3D97006B-F1B5-4064-9B22-DDE19DCB9E29}.Release|x64.Build.0 = Release|x64
		{3D97006B-F1B5-4064-9B22-DDE19DCB9E29}.Release|x86.ActiveCfg = Release|Win32
		{3D97006B-F1B5-4064-9B22-DDE19DCB9E29}.Release|x86.Build.0 = Release|Win32
		{F35D6DF0-FB01-404D-8CF5-54D32DEE663E}.Debug|x64.ActiveCfg = Debug|x64
		{F35D6DF0-FB01-404D-8CF5-54D32DEE663E}.Debug|x64.Build.0 = Debug|x64
		{F35D6DF0-FB01-404D-8CF5-54D32DEE663E}.Debug|x86.ActiveCfg = Debug|Win32
		{F35D6DF0-FB01-404D-8CF5-54D32DEE663E}.Debug|x86.Build.0 = Debug|Win32
		{F35D6DF0-FB01-404D-8CF5-54D32DEE663E}.Release|x64.ActiveCfg = Release|x64
		{F35D6DF0-FB01-404D-8CF5-54D32DEE663E}.Release|x64.Build.0 = Release|x64
		{F35D6DF0-FB01-404D-8CF5-54D32DEE663E}.Release|x86.ActiveCfg = Release|Win32
		{F35D6DF0-FB01-404D-8CF5-54D32DEE663E}.Release|x86.Build.0 = Release|Win32
		{2E7D7B77-3E06-4E46-841A-B0AB4E4DB534}.Debug|x64.ActiveCfg = Debug|x64
		{2E7D7B77-3E06-4E46-841A-B0AB4E4DB534}.Debug|x64.Build.0 = Debug|x64
		{2E7D7B77-3E06-4E46-841A-B0AB4E4DB534}.Debug|x64.Deploy.0 = Debug|x64
		{2E7D7B77-3E06-4E46-841A-B0AB4E4DB534}.Debug|x86.ActiveCfg = Debug|Win32
		{2E7D7B77-3E06-4E46-841A-B0AB4E4DB534}.Debug|x86.Build.0 = Debug|Win32
		{2E7D7B77-3E06-4E46-841A-B0AB4E4DB534}.Debug|x86.Deploy.0 = Debug|Win32
		{2E7D7B77-3E06-4E46-841A-B0AB4E4DB534}.Release|x64.ActiveCfg = Release|x64
		{2E7D7B77-3E06-4E46-841A-B0AB4E4DB534}.Release|x64.Build.0 = Release|x64
		{2E7D7B77-3E06-4E46-841A-B0AB4E4DB534}.Release|x64.Deploy.0 = Release|x64
		{2E7D7B77-3E06-4E46-841A-B0AB4E4DB534}.Release|x86.ActiveCfg = Release|Win32
		{2E7D7B77-3E06-4E46-841A-B0AB4E4DB534}.Release|x86.Build.0 = Release|Win32
		{2E7D7B77-3E06-4E46-841A-B0AB4E4DB534}.Release|x86.Deploy.0 = Release|Win32
	EndGlobalSection
	GlobalSection(SolutionProperties) = preSolution
		HideSolutionNode = FALSE
	EndGlobalSection
	GlobalSection(NestedProjects) = preSolution
		{DA5F6970-C434-491E-BA24-93A39BC99B4F} = {F6353639-C49D-482A-A94D-044554F3DCED}
		{8E38F3A6-E0C3-4C8D-A5F0-30E7254B72AB} = {F6353639-C49D-482A-A94D-044554F3DCED}
		{92461D61-50DC-44FD-B87E-2836A8A78123} = {435E3E75-3528-4881-8510-A13C1E98E51C}
		{67093A71-81E0-4FE6-A62D-EB2B49DB29C7} = {435E3E75-3528-4881-8510-A13C1E98E51C}
		{1BF1AC3D-B40B-430A-94C9-91CE557B138B} = {DA5F6970-C434-491E-BA24-93A39BC99B4F}
		{090F7D00-B101-4F58-A6D7-8DC874B08CF1} = {DA5F6970-C434-491E-BA24-93A39BC99B4F}
		{67E7A07E-8B6E-4ED6-A27B-4DC3AC2F6E32} = {DA5F6970-C434-491E-BA24-93A39BC99B4F}
		{314B62C5-E24F-42CE-9105-F5A36B501C80} = {8E38F3A6-E0C3-4C8D-A5F0-30E7254B72AB}
		{7158BB09-B373-4881-9186-EE2CEF49FC5B} = {8E38F3A6-E0C3-4C8D-A5F0-30E7254B72AB}
		{B4AC7A2C-3BC6-44B0-9831-DA8F6EA510AD} = {8E38F3A6-E0C3-4C8D-A5F0-30E7254B72AB}
		{5131A1A6-B0C9-432C-AA4F-662A9ED158B9} = {8E38F3A6-E0C3-4C8D-A5F0-30E7254B72AB}
		{B667EEC8-B185-43F2-9360-4084C522AEC2} = {8E38F3A6-E0C3-4C8D-A5F0-30E7254B72AB}
		{585654AB-E8A6-4BE7-9681-8E1DA2B90164} = {92461D61-50DC-44FD-B87E-2836A8A78123}
		{F0FB4E1C-7FA8-4B00-A34F-0D5A1F164E2F} = {67093A71-81E0-4FE6-A62D-EB2B49DB29C7}
		{3D97006B-F1B5-4064-9B22-DDE19DCB9E29} = {67093A71-81E0-4FE6-A62D-EB2B49DB29C7}
		{F6500933-D87A-4858-BC82-8FF0735D4163} = {8E38F3A6-E0C3-4C8D-A5F0-30E7254B72AB}
		{F35D6DF0-FB01-404D-8CF5-54D32DEE663E} = {F6500933-D87A-4858-BC82-8FF0735D4163}
		{2E7D7B77-3E06-4E46-841A-B0AB4E4DB534} = {8E38F3A6-E0C3-4C8D-A5F0-30E7254B72AB}
	EndGlobalSection
	GlobalSection(ExtensibilityGlobals) = postSolution
		SolutionGuid = {8F839895-32C9-482C-BE94-A4C584B50951}
	EndGlobalSection
EndGlobal
